# generated by rye
# use `rye lock` or `rye sync` to update this lockfile
#
# last locked with the following flags:
#   pre: false
#   features: []
#   all-features: true
#   with-sources: false
#   generate-hashes: false

-e file:azure-kusto-data
    # via azure-kusto-ingest
-e file:azure-kusto-ingest
aiohttp==3.9.3
    # via aioresponses
    # via azure-kusto-data
aioresponses==0.7.6
aiosignal==1.3.1
    # via aiohttp
asgiref==3.7.2
    # via azure-kusto-data
asttokens==2.4.1
    # via stack-data
async-timeout==4.0.3
    # via aiohttp
attrs==23.2.0
    # via aiohttp
azure-core==1.30.0
    # via azure-identity
    # via azure-kusto-data
    # via azure-storage-blob
    # via azure-storage-queue
azure-identity==1.15.0
    # via azure-kusto-data
azure-storage-blob==12.19.0
    # via azure-kusto-ingest
azure-storage-queue==12.9.0
    # via azure-kusto-ingest
backcall==0.2.0
    # via ipython
certifi==2024.2.2
    # via requests
cffi==1.16.0
    # via cryptography
charset-normalizer==3.3.2
    # via requests
colorama==0.4.6
    # via ipython
    # via pytest
cryptography==42.0.5
    # via azure-identity
    # via azure-storage-blob
    # via azure-storage-queue
    # via msal
    # via pyjwt
decorator==5.1.1
    # via ipython
exceptiongroup==1.2.0
    # via pytest
executing==2.0.1
    # via stack-data
frozenlist==1.4.1
    # via aiohttp
    # via aiosignal
idna==3.6
    # via requests
    # via yarl
ijson==3.2.3
    # via azure-kusto-data
iniconfig==2.0.0
    # via pytest
ipython==8.12.3
isodate==0.6.1
    # via azure-storage-blob
    # via azure-storage-queue
jedi==0.19.1
    # via ipython
matplotlib-inline==0.1.7
    # via ipython
msal==1.27.0
    # via azure-identity
    # via azure-kusto-data
    # via msal-extensions
msal-extensions==1.1.0
    # via azure-identity
msgspec==0.18.6
multidict==6.0.5
    # via aiohttp
    # via yarl
nodeenv==1.8.0
    # via pyright
numpy==1.24.4
    # via pandas
    # via pyarrow
packaging==23.2
    # via msal-extensions
    # via pytest
pandas==2.0.3
    # via azure-kusto-data
    # via azure-kusto-ingest
parso==0.8.4
    # via jedi
pickleshare==0.7.5
    # via ipython
pluggy==1.4.0
    # via pytest
portalocker==2.8.2
    # via msal-extensions
prompt-toolkit==3.0.46
    # via ipython
pure-eval==0.2.2
    # via stack-data
pyarrow==16.1.0
pycparser==2.21
    # via cffi
pygments==2.18.0
    # via ipython
pyjwt==2.8.0
    # via msal
pyright==1.1.361
pytest==8.0.2
    # via pytest-asyncio
pytest-asyncio==0.23.5
python-dateutil==2.8.2
    # via azure-kusto-data
    # via pandas
pytz==2024.1
    # via pandas
pywin32==306
    # via portalocker
pyyaml==6.0.1
    # via responses
requests==2.31.0
    # via azure-core
    # via azure-kusto-data
    # via msal
    # via responses
responses==0.25.0
setuptools==69.2.0
    # via nodeenv
six==1.16.0
    # via asttokens
    # via azure-core
    # via isodate
    # via python-dateutil
stack-data==0.6.3
    # via ipython
tenacity==8.2.3
    # via azure-kusto-ingest
tomli==2.0.1
    # via pytest
traitlets==5.14.3
    # via ipython
    # via matplotlib-inline
typing-extensions==4.10.0
    # via asgiref
    # via azure-core
    # via azure-storage-blob
    # via azure-storage-queue
    # via ipython
tzdata==2024.1
    # via pandas
urllib3==2.2.1
    # via requests
    # via responses
wcwidth==0.2.13
    # via prompt-toolkit
yarl==1.9.4
    # via aiohttp
